
Microsoft Visual Studio Solution File, Format Version 12.00
# Visual Studio Version 17
VisualStudioVersion = 17.13.35931.197 d17.13
MinimumVisualStudioVersion = 10.0.40219.1
Project("{888888A0-9F3D-457C-B088-3A5042F75D52}") = "StreakStep", "StreakStep\StreakStep.pyproj", "{A25C9EBB-AC95-487B-8465-87F7A5FB334B}"
EndProject
Global
	GlobalSection(SolutionConfigurationPlatforms) = preSolution
		Debug|Any CPU = Debug|Any CPU
		Release|Any CPU = Release|Any CPU
	EndGlobalSection
	GlobalSection(ProjectConfigurationPlatforms) = postSolution
		{A25C9EBB-AC95-487B-8465-87F7A5FB334B}.Debug|Any CPU.ActiveCfg = Debug|Any CPU
		{A25C9EBB-AC95-487B-8465-87F7A5FB334B}.Release|Any CPU.ActiveCfg = Release|Any CPU
	EndGlobalSection
	GlobalSection(SolutionProperties) = preSolution
		HideSolutionNode = FALSE
	EndGlobalSection
	GlobalSection(ExtensibilityGlobals) = postSolution
		SolutionGuid = {ABE94B02-08A6-49EF-82BA-D7097B1BB290}
	EndGlobalSection
EndGlobal
